
Microsoft Visual Studio Solution File, Format Version 12.00
# Visual Studio Version 17
VisualStudioVersion = 17.3.32825.248
MinimumVisualStudioVersion = 10.0.40219.1
Project("{FAE04EC0-301F-11D3-BF4B-00C04F79EFBC}") = "BookStoreApp.API", "BookStoreApp.API\BookStoreApp.API.csproj", "{4FB44293-A59A-497B-BEAC-858A28AACD62}"
EndProject
Global
	GlobalSection(SolutionConfigurationPlatforms) = preSolution
		Debug|Any CPU = Debug|Any CPU
		Release|Any CPU = Release|Any CPU
	EndGlobalSection
	GlobalSection(ProjectConfigurationPlatforms) = postSolution
		{4FB44293-A59A-497B-BEAC-858A28AACD62}.Debug|Any CPU.ActiveCfg = Debug|Any CPU
		{4FB44293-A59A-497B-BEAC-858A28AACD62}.Debug|Any CPU.Build.0 = Debug|Any CPU
		{4FB44293-A59A-497B-BEAC-858A28AACD62}.Release|Any CPU.ActiveCfg = Release|Any CPU
		{4FB44293-A59A-497B-BEAC-858A28AACD62}.Release|Any CPU.Build.0 = Release|Any CPU
	EndGlobalSection
	GlobalSection(SolutionProperties) = preSolution
		HideSolutionNode = FALSE
	EndGlobalSection
	GlobalSection(ExtensibilityGlobals) = postSolution
		SolutionGuid = {7A09D9B0-BB96-4909-A889-4C762B738496}
	EndGlobalSection
EndGlobal
